
Microsoft Visual Studio Solution File, Format Version 12.00
# Visual Studio Version 17
VisualStudioVersion = 17.8.34408.163
MinimumVisualStudioVersion = 10.0.40219.1
Project("{9A19103F-16F7-4668-BE54-9A1E7A4F7556}") = "Proiect", "Proiect.csproj", "{EEEE3F9D-9C76-44DC-ADB7-CD22DA119857}"
EndProject
Global
	GlobalSection(SolutionConfigurationPlatforms) = preSolution
		Debug|Any CPU = Debug|Any CPU
		Release|Any CPU = Release|Any CPU
	EndGlobalSection
	GlobalSection(ProjectConfigurationPlatforms) = postSolution
		{EEEE3F9D-9C76-44DC-ADB7-CD22DA119857}.Debug|Any CPU.ActiveCfg = Debug|Any CPU
		{EEEE3F9D-9C76-44DC-ADB7-CD22DA119857}.Debug|Any CPU.Build.0 = Debug|Any CPU
		{EEEE3F9D-9C76-44DC-ADB7-CD22DA119857}.Release|Any CPU.ActiveCfg = Release|Any CPU
		{EEEE3F9D-9C76-44DC-ADB7-CD22DA119857}.Release|Any CPU.Build.0 = Release|Any CPU
	EndGlobalSection
	GlobalSection(SolutionProperties) = preSolution
		HideSolutionNode = FALSE
	EndGlobalSection
	GlobalSection(ExtensibilityGlobals) = postSolution
		SolutionGuid = {0F7B0EEC-9921-424F-A4CF-0E920E1BC551}
	EndGlobalSection
EndGlobal
